// !$*UTF8*$!
{
	archiveVersion = 1;
	classes = {
	};
	objectVersion = 46;
	objects = {

/* Begin PBXBuildFile section */
		2337C80F16DDA15500169C9E /* Cocoa.framework in Frameworks */ = {isa = PBXBuildFile; fileRef = 2337C80E16DDA15500169C9E /* Cocoa.framework */; };
		2337C81916DDA15500169C9E /* InfoPlist.strings in Resources */ = {isa = PBXBuildFile; fileRef = 2337C81716DDA15500169C9E /* InfoPlist.strings */; };
		2337C81B16DDA15500169C9E /* main.m in Sources */ = {isa = PBXBuildFile; fileRef = 2337C81A16DDA15500169C9E /* main.m */; };
		2337C81F16DDA15500169C9E /* Credits.rtf in Resources */ = {isa = PBXBuildFile; fileRef = 2337C81D16DDA15500169C9E /* Credits.rtf */; };
		2337C82216DDA15500169C9E /* AppDelegate.m in Sources */ = {isa = PBXBuildFile; fileRef = 2337C82116DDA15500169C9E /* AppDelegate.m */; };
		2337C82516DDA15500169C9E /* MainMenu.xib in Resources */ = {isa = PBXBuildFile; fileRef = 2337C82316DDA15500169C9E /* MainMenu.xib */; };
		2337C82D16DDA15500169C9E /* SenTestingKit.framework in Frameworks */ = {isa = PBXBuildFile; fileRef = 2337C82C16DDA15500169C9E /* SenTestingKit.framework */; };
		2337C82E16DDA15500169C9E /* Cocoa.framework in Frameworks */ = {isa = PBXBuildFile; fileRef = 2337C80E16DDA15500169C9E /* Cocoa.framework */; };
		2337C83616DDA15500169C9E /* InfoPlist.strings in Resources */ = {isa = PBXBuildFile; fileRef = 2337C83416DDA15500169C9E /* InfoPlist.strings */; };
		2337C83916DDA15500169C9E /* SokudokuTests.m in Sources */ = {isa = PBXBuildFile; fileRef = 2337C83816DDA15500169C9E /* SokudokuTests.m */; };
		2352AB0F16E4257E00C6FAF6 /* Settings.m in Sources */ = {isa = PBXBuildFile; fileRef = 2352AB0E16E4257E00C6FAF6 /* Settings.m */; };
		2352AB1216E4615F00C6FAF6 /* Package.m in Sources */ = {isa = PBXBuildFile; fileRef = 2352AB1116E4615F00C6FAF6 /* Package.m */; };
		2352AB1516E461A700C6FAF6 /* Character.m in Sources */ = {isa = PBXBuildFile; fileRef = 2352AB1416E461A700C6FAF6 /* Character.m */; };
		2352AB1816E4623800C6FAF6 /* History.m in Sources */ = {isa = PBXBuildFile; fileRef = 2352AB1716E4623800C6FAF6 /* History.m */; };
		2352AB1B16E4624600C6FAF6 /* Event.m in Sources */ = {isa = PBXBuildFile; fileRef = 2352AB1A16E4624600C6FAF6 /* Event.m */; };
		2360788616EEE4EF00D6E9D3 /* HistogramView.m in Sources */ = {isa = PBXBuildFile; fileRef = 2360788516EEE4EF00D6E9D3 /* HistogramView.m */; };
		2371EB5E16EB00E8008D9645 /* RecallPackageWindow.m in Sources */ = {isa = PBXBuildFile; fileRef = 2371EB5C16EB00E8008D9645 /* RecallPackageWindow.m */; };
		2371EB5F16EB00E8008D9645 /* RecallPackageWindow.xib in Resources */ = {isa = PBXBuildFile; fileRef = 2371EB5D16EB00E8008D9645 /* RecallPackageWindow.xib */; };
		2371EB6316EB01CA008D9645 /* MainWindow.m in Sources */ = {isa = PBXBuildFile; fileRef = 2371EB6116EB01CA008D9645 /* MainWindow.m */; };
		2371EB6416EB01CA008D9645 /* MainWindow.xib in Resources */ = {isa = PBXBuildFile; fileRef = 2371EB6216EB01CA008D9645 /* MainWindow.xib */; };
		2371EB6816EC6FCB008D9645 /* DrillWindow.m in Sources */ = {isa = PBXBuildFile; fileRef = 2371EB6616EC6FCB008D9645 /* DrillWindow.m */; };
		2371EB6916EC6FCB008D9645 /* DrillWindow.xib in Resources */ = {isa = PBXBuildFile; fileRef = 2371EB6716EC6FCB008D9645 /* DrillWindow.xib */; };
		2371EB6D16EC6FEC008D9645 /* GraphWindow.m in Sources */ = {isa = PBXBuildFile; fileRef = 2371EB6B16EC6FEC008D9645 /* GraphWindow.m */; };
		2371EB6E16EC6FEC008D9645 /* GraphWindow.xib in Resources */ = {isa = PBXBuildFile; fileRef = 2371EB6C16EC6FEC008D9645 /* GraphWindow.xib */; };
		2371EB7216EC700D008D9645 /* HistogramWindow.m in Sources */ = {isa = PBXBuildFile; fileRef = 2371EB7016EC700D008D9645 /* HistogramWindow.m */; };
		2371EB7316EC700D008D9645 /* HistogramWindow.xib in Resources */ = {isa = PBXBuildFile; fileRef = 2371EB7116EC700D008D9645 /* HistogramWindow.xib */; };
		23CB816116F17E7D0026C608 /* icon.icns in Resources */ = {isa = PBXBuildFile; fileRef = 23CB816016F17E7D0026C608 /* icon.icns */; };
		23CB816916F182C80026C608 /* StartupWindow.m in Sources */ = {isa = PBXBuildFile; fileRef = 23CB816716F182C80026C608 /* StartupWindow.m */; };
		23CB816A16F182C80026C608 /* StartupWindow.xib in Resources */ = {isa = PBXBuildFile; fileRef = 23CB816816F182C80026C608 /* StartupWindow.xib */; };
		23CB816D16F293550026C608 /* GraphView.m in Sources */ = {isa = PBXBuildFile; fileRef = 23CB816C16F293550026C608 /* GraphView.m */; };
/* End PBXBuildFile section */

/* Begin PBXContainerItemProxy section */
		2337C82F16DDA15500169C9E /* PBXContainerItemProxy */ = {
			isa = PBXContainerItemProxy;
			containerPortal = 2337C80116DDA15500169C9E /* Project object */;
			proxyType = 1;
			remoteGlobalIDString = 2337C80916DDA15500169C9E;
			remoteInfo = Sokudoku;
		};
/* End PBXContainerItemProxy section */

/* Begin PBXFileReference section */
		2337C80A16DDA15500169C9E /* Sokudoku.app */ = {isa = PBXFileReference; explicitFileType = wrapper.application; includeInIndex = 0; path = Sokudoku.app; sourceTree = BUILT_PRODUCTS_DIR; };
		2337C80E16DDA15500169C9E /* Cocoa.framework */ = {isa = PBXFileReference; lastKnownFileType = wrapper.framework; name = Cocoa.framework; path = System/Library/Frameworks/Cocoa.framework; sourceTree = SDKROOT; };
		2337C81116DDA15500169C9E /* AppKit.framework */ = {isa = PBXFileReference; lastKnownFileType = wrapper.framework; name = AppKit.framework; path = System/Library/Frameworks/AppKit.framework; sourceTree = SDKROOT; };
		2337C81216DDA15500169C9E /* CoreData.framework */ = {isa = PBXFileReference; lastKnownFileType = wrapper.framework; name = CoreData.framework; path = System/Library/Frameworks/CoreData.framework; sourceTree = SDKROOT; };
		2337C81316DDA15500169C9E /* Foundation.framework */ = {isa = PBXFileReference; lastKnownFileType = wrapper.framework; name = Foundation.framework; path = System/Library/Frameworks/Foundation.framework; sourceTree = SDKROOT; };
		2337C81616DDA15500169C9E /* Sokudoku-Info.plist */ = {isa = PBXFileReference; lastKnownFileType = text.plist.xml; path = "Sokudoku-Info.plist"; sourceTree = "<group>"; };
		2337C81816DDA15500169C9E /* en */ = {isa = PBXFileReference; lastKnownFileType = text.plist.strings; name = en; path = en.lproj/InfoPlist.strings; sourceTree = "<group>"; };
		2337C81A16DDA15500169C9E /* main.m */ = {isa = PBXFileReference; lastKnownFileType = sourcecode.c.objc; path = main.m; sourceTree = "<group>"; };
		2337C81C16DDA15500169C9E /* Sokudoku-Prefix.pch */ = {isa = PBXFileReference; lastKnownFileType = sourcecode.c.h; path = "Sokudoku-Prefix.pch"; sourceTree = "<group>"; };
		2337C81E16DDA15500169C9E /* en */ = {isa = PBXFileReference; lastKnownFileType = text.rtf; name = en; path = en.lproj/Credits.rtf; sourceTree = "<group>"; };
		2337C82016DDA15500169C9E /* AppDelegate.h */ = {isa = PBXFileReference; lastKnownFileType = sourcecode.c.h; path = AppDelegate.h; sourceTree = "<group>"; };
		2337C82116DDA15500169C9E /* AppDelegate.m */ = {isa = PBXFileReference; lastKnownFileType = sourcecode.c.objc; path = AppDelegate.m; sourceTree = "<group>"; };
		2337C82416DDA15500169C9E /* en */ = {isa = PBXFileReference; lastKnownFileType = file.xib; name = en; path = en.lproj/MainMenu.xib; sourceTree = "<group>"; };
		2337C82B16DDA15500169C9E /* SokudokuTests.octest */ = {isa = PBXFileReference; explicitFileType = wrapper.cfbundle; includeInIndex = 0; path = SokudokuTests.octest; sourceTree = BUILT_PRODUCTS_DIR; };
		2337C82C16DDA15500169C9E /* SenTestingKit.framework */ = {isa = PBXFileReference; lastKnownFileType = wrapper.framework; name = SenTestingKit.framework; path = Library/Frameworks/SenTestingKit.framework; sourceTree = DEVELOPER_DIR; };
		2337C83316DDA15500169C9E /* SokudokuTests-Info.plist */ = {isa = PBXFileReference; lastKnownFileType = text.plist.xml; path = "SokudokuTests-Info.plist"; sourceTree = "<group>"; };
		2337C83516DDA15500169C9E /* en */ = {isa = PBXFileReference; lastKnownFileType = text.plist.strings; name = en; path = en.lproj/InfoPlist.strings; sourceTree = "<group>"; };
		2337C83716DDA15500169C9E /* SokudokuTests.h */ = {isa = PBXFileReference; lastKnownFileType = sourcecode.c.h; path = SokudokuTests.h; sourceTree = "<group>"; };
		2337C83816DDA15500169C9E /* SokudokuTests.m */ = {isa = PBXFileReference; lastKnownFileType = sourcecode.c.objc; path = SokudokuTests.m; sourceTree = "<group>"; };
		2352AB0D16E4257E00C6FAF6 /* Settings.h */ = {isa = PBXFileReference; fileEncoding = 4; lastKnownFileType = sourcecode.c.h; path = Settings.h; sourceTree = "<group>"; };
		2352AB0E16E4257E00C6FAF6 /* Settings.m */ = {isa = PBXFileReference; fileEncoding = 4; lastKnownFileType = sourcecode.c.objc; path = Settings.m; sourceTree = "<group>"; };
		2352AB1016E4615F00C6FAF6 /* Package.h */ = {isa = PBXFileReference; fileEncoding = 4; lastKnownFileType = sourcecode.c.h; path = Package.h; sourceTree = "<group>"; };
		2352AB1116E4615F00C6FAF6 /* Package.m */ = {isa = PBXFileReference; fileEncoding = 4; lastKnownFileType = sourcecode.c.objc; path = Package.m; sourceTree = "<group>"; };
		2352AB1316E461A700C6FAF6 /* Character.h */ = {isa = PBXFileReference; fileEncoding = 4; lastKnownFileType = sourcecode.c.h; path = Character.h; sourceTree = "<group>"; };
		2352AB1416E461A700C6FAF6 /* Character.m */ = {isa = PBXFileReference; fileEncoding = 4; lastKnownFileType = sourcecode.c.objc; path = Character.m; sourceTree = "<group>"; };
		2352AB1616E4623800C6FAF6 /* History.h */ = {isa = PBXFileReference; fileEncoding = 4; lastKnownFileType = sourcecode.c.h; path = History.h; sourceTree = "<group>"; };
		2352AB1716E4623800C6FAF6 /* History.m */ = {isa = PBXFileReference; fileEncoding = 4; lastKnownFileType = sourcecode.c.objc; path = History.m; sourceTree = "<group>"; };
		2352AB1916E4624600C6FAF6 /* Event.h */ = {isa = PBXFileReference; fileEncoding = 4; lastKnownFileType = sourcecode.c.h; path = Event.h; sourceTree = "<group>"; };
		2352AB1A16E4624600C6FAF6 /* Event.m */ = {isa = PBXFileReference; fileEncoding = 4; lastKnownFileType = sourcecode.c.objc; path = Event.m; sourceTree = "<group>"; };
		2360788416EEE4EF00D6E9D3 /* HistogramView.h */ = {isa = PBXFileReference; fileEncoding = 4; lastKnownFileType = sourcecode.c.h; path = HistogramView.h; sourceTree = "<group>"; };
		2360788516EEE4EF00D6E9D3 /* HistogramView.m */ = {isa = PBXFileReference; fileEncoding = 4; lastKnownFileType = sourcecode.c.objc; path = HistogramView.m; sourceTree = "<group>"; };
		2371EB5B16EB00E8008D9645 /* RecallPackageWindow.h */ = {isa = PBXFileReference; fileEncoding = 4; lastKnownFileType = sourcecode.c.h; path = RecallPackageWindow.h; sourceTree = "<group>"; };
		2371EB5C16EB00E8008D9645 /* RecallPackageWindow.m */ = {isa = PBXFileReference; fileEncoding = 4; lastKnownFileType = sourcecode.c.objc; path = RecallPackageWindow.m; sourceTree = "<group>"; };
		2371EB5D16EB00E8008D9645 /* RecallPackageWindow.xib */ = {isa = PBXFileReference; fileEncoding = 4; lastKnownFileType = file.xib; path = RecallPackageWindow.xib; sourceTree = "<group>"; };
		2371EB6016EB01CA008D9645 /* MainWindow.h */ = {isa = PBXFileReference; fileEncoding = 4; lastKnownFileType = sourcecode.c.h; path = MainWindow.h; sourceTree = "<group>"; };
		2371EB6116EB01CA008D9645 /* MainWindow.m */ = {isa = PBXFileReference; fileEncoding = 4; lastKnownFileType = sourcecode.c.objc; path = MainWindow.m; sourceTree = "<group>"; };
		2371EB6216EB01CA008D9645 /* MainWindow.xib */ = {isa = PBXFileReference; fileEncoding = 4; lastKnownFileType = file.xib; path = MainWindow.xib; sourceTree = "<group>"; };
		2371EB6516EC6FCB008D9645 /* DrillWindow.h */ = {isa = PBXFileReference; fileEncoding = 4; lastKnownFileType = sourcecode.c.h; path = DrillWindow.h; sourceTree = "<group>"; };
		2371EB6616EC6FCB008D9645 /* DrillWindow.m */ = {isa = PBXFileReference; fileEncoding = 4; lastKnownFileType = sourcecode.c.objc; path = DrillWindow.m; sourceTree = "<group>"; };
		2371EB6716EC6FCB008D9645 /* DrillWindow.xib */ = {isa = PBXFileReference; fileEncoding = 4; lastKnownFileType = file.xib; path = DrillWindow.xib; sourceTree = "<group>"; };
		2371EB6A16EC6FEC008D9645 /* GraphWindow.h */ = {isa = PBXFileReference; fileEncoding = 4; lastKnownFileType = sourcecode.c.h; path = GraphWindow.h; sourceTree = "<group>"; };
		2371EB6B16EC6FEC008D9645 /* GraphWindow.m */ = {isa = PBXFileReference; fileEncoding = 4; lastKnownFileType = sourcecode.c.objc; path = GraphWindow.m; sourceTree = "<group>"; };
		2371EB6C16EC6FEC008D9645 /* GraphWindow.xib */ = {isa = PBXFileReference; fileEncoding = 4; lastKnownFileType = file.xib; path = GraphWindow.xib; sourceTree = "<group>"; };
		2371EB6F16EC700D008D9645 /* HistogramWindow.h */ = {isa = PBXFileReference; fileEncoding = 4; lastKnownFileType = sourcecode.c.h; path = HistogramWindow.h; sourceTree = "<group>"; };
		2371EB7016EC700D008D9645 /* HistogramWindow.m */ = {isa = PBXFileReference; fileEncoding = 4; lastKnownFileType = sourcecode.c.objc; path = HistogramWindow.m; sourceTree = "<group>"; };
		2371EB7116EC700D008D9645 /* HistogramWindow.xib */ = {isa = PBXFileReference; fileEncoding = 4; lastKnownFileType = file.xib; path = HistogramWindow.xib; sourceTree = "<group>"; };
		23CB816016F17E7D0026C608 /* icon.icns */ = {isa = PBXFileReference; lastKnownFileType = image.icns; path = icon.icns; sourceTree = "<group>"; };
		23CB816616F182C80026C608 /* StartupWindow.h */ = {isa = PBXFileReference; fileEncoding = 4; lastKnownFileType = sourcecode.c.h; path = StartupWindow.h; sourceTree = "<group>"; };
		23CB816716F182C80026C608 /* StartupWindow.m */ = {isa = PBXFileReference; fileEncoding = 4; lastKnownFileType = sourcecode.c.objc; path = StartupWindow.m; sourceTree = "<group>"; };
		23CB816816F182C80026C608 /* StartupWindow.xib */ = {isa = PBXFileReference; fileEncoding = 4; lastKnownFileType = file.xib; path = StartupWindow.xib; sourceTree = "<group>"; };
		23CB816B16F293550026C608 /* GraphView.h */ = {isa = PBXFileReference; fileEncoding = 4; lastKnownFileType = sourcecode.c.h; path = GraphView.h; sourceTree = "<group>"; };
		23CB816C16F293550026C608 /* GraphView.m */ = {isa = PBXFileReference; fileEncoding = 4; lastKnownFileType = sourcecode.c.objc; path = GraphView.m; sourceTree = "<group>"; };
/* End PBXFileReference section */

/* Begin PBXFrameworksBuildPhase section */
		2337C80716DDA15500169C9E /* Frameworks */ = {
			isa = PBXFrameworksBuildPhase;
			buildActionMask = 2147483647;
			files = (
				2337C80F16DDA15500169C9E /* Cocoa.framework in Frameworks */,
			);
			runOnlyForDeploymentPostprocessing = 0;
		};
		2337C82716DDA15500169C9E /* Frameworks */ = {
			isa = PBXFrameworksBuildPhase;
			buildActionMask = 2147483647;
			files = (
				2337C82D16DDA15500169C9E /* SenTestingKit.framework in Frameworks */,
				2337C82E16DDA15500169C9E /* Cocoa.framework in Frameworks */,
			);
			runOnlyForDeploymentPostprocessing = 0;
		};
/* End PBXFrameworksBuildPhase section */

/* Begin PBXGroup section */
		2337C7FF16DDA15500169C9E = {
			isa = PBXGroup;
			children = (
				2337C81416DDA15500169C9E /* Sokudoku */,
				2337C83116DDA15500169C9E /* SokudokuTests */,
				2337C80D16DDA15500169C9E /* Frameworks */,
				2337C80B16DDA15500169C9E /* Products */,
			);
			sourceTree = "<group>";
		};
		2337C80B16DDA15500169C9E /* Products */ = {
			isa = PBXGroup;
			children = (
				2337C80A16DDA15500169C9E /* Sokudoku.app */,
				2337C82B16DDA15500169C9E /* SokudokuTests.octest */,
			);
			name = Products;
			sourceTree = "<group>";
		};
		2337C80D16DDA15500169C9E /* Frameworks */ = {
			isa = PBXGroup;
			children = (
				2337C80E16DDA15500169C9E /* Cocoa.framework */,
				2337C82C16DDA15500169C9E /* SenTestingKit.framework */,
				2337C81016DDA15500169C9E /* Other Frameworks */,
			);
			name = Frameworks;
			sourceTree = "<group>";
		};
		2337C81016DDA15500169C9E /* Other Frameworks */ = {
			isa = PBXGroup;
			children = (
				2337C81116DDA15500169C9E /* AppKit.framework */,
				2337C81216DDA15500169C9E /* CoreData.framework */,
				2337C81316DDA15500169C9E /* Foundation.framework */,
			);
			name = "Other Frameworks";
			sourceTree = "<group>";
		};
		2337C81416DDA15500169C9E /* Sokudoku */ = {
			isa = PBXGroup;
			children = (
				2337C82016DDA15500169C9E /* AppDelegate.h */,
				2337C82116DDA15500169C9E /* AppDelegate.m */,
				2337C82316DDA15500169C9E /* MainMenu.xib */,
				2337C84216DDA63300169C9E /* Interface */,
				2337C84816DDCB4600169C9E /* Models */,
				2337C81516DDA15500169C9E /* Supporting Files */,
			);
			path = Sokudoku;
			sourceTree = "<group>";
		};
		2337C81516DDA15500169C9E /* Supporting Files */ = {
			isa = PBXGroup;
			children = (
				23CB816016F17E7D0026C608 /* icon.icns */,
				2337C81616DDA15500169C9E /* Sokudoku-Info.plist */,
				2337C81716DDA15500169C9E /* InfoPlist.strings */,
				2337C81A16DDA15500169C9E /* main.m */,
				2337C81C16DDA15500169C9E /* Sokudoku-Prefix.pch */,
				2337C81D16DDA15500169C9E /* Credits.rtf */,
			);
			name = "Supporting Files";
			sourceTree = "<group>";
		};
		2337C83116DDA15500169C9E /* SokudokuTests */ = {
			isa = PBXGroup;
			children = (
				2337C83716DDA15500169C9E /* SokudokuTests.h */,
				2337C83816DDA15500169C9E /* SokudokuTests.m */,
				2337C83216DDA15500169C9E /* Supporting Files */,
			);
			path = SokudokuTests;
			sourceTree = "<group>";
		};
		2337C83216DDA15500169C9E /* Supporting Files */ = {
			isa = PBXGroup;
			children = (
				2337C83316DDA15500169C9E /* SokudokuTests-Info.plist */,
				2337C83416DDA15500169C9E /* InfoPlist.strings */,
			);
			name = "Supporting Files";
			sourceTree = "<group>";
		};
		2337C84216DDA63300169C9E /* Interface */ = {
			isa = PBXGroup;
			children = (
				2371EB6516EC6FCB008D9645 /* DrillWindow.h */,
				2371EB6616EC6FCB008D9645 /* DrillWindow.m */,
				2371EB6716EC6FCB008D9645 /* DrillWindow.xib */,
				23CB816B16F293550026C608 /* GraphView.h */,
				23CB816C16F293550026C608 /* GraphView.m */,
				2371EB6A16EC6FEC008D9645 /* GraphWindow.h */,
				2371EB6B16EC6FEC008D9645 /* GraphWindow.m */,
				2371EB6C16EC6FEC008D9645 /* GraphWindow.xib */,
				2360788416EEE4EF00D6E9D3 /* HistogramView.h */,
				2360788516EEE4EF00D6E9D3 /* HistogramView.m */,
				2371EB6F16EC700D008D9645 /* HistogramWindow.h */,
				2371EB7016EC700D008D9645 /* HistogramWindow.m */,
				2371EB7116EC700D008D9645 /* HistogramWindow.xib */,
				2371EB6016EB01CA008D9645 /* MainWindow.h */,
				2371EB6116EB01CA008D9645 /* MainWindow.m */,
				2371EB6216EB01CA008D9645 /* MainWindow.xib */,
				2371EB5B16EB00E8008D9645 /* RecallPackageWindow.h */,
				2371EB5C16EB00E8008D9645 /* RecallPackageWindow.m */,
				2371EB5D16EB00E8008D9645 /* RecallPackageWindow.xib */,
				23CB816616F182C80026C608 /* StartupWindow.h */,
				23CB816716F182C80026C608 /* StartupWindow.m */,
				23CB816816F182C80026C608 /* StartupWindow.xib */,
			);
			path = Interface;
			sourceTree = "<group>";
		};
		2337C84816DDCB4600169C9E /* Models */ = {
			isa = PBXGroup;
			children = (
				2352AB1316E461A700C6FAF6 /* Character.h */,
				2352AB1416E461A700C6FAF6 /* Character.m */,
				2352AB1916E4624600C6FAF6 /* Event.h */,
				2352AB1A16E4624600C6FAF6 /* Event.m */,
				2352AB1616E4623800C6FAF6 /* History.h */,
				2352AB1716E4623800C6FAF6 /* History.m */,
				2352AB1016E4615F00C6FAF6 /* Package.h */,
				2352AB1116E4615F00C6FAF6 /* Package.m */,
				2352AB0D16E4257E00C6FAF6 /* Settings.h */,
				2352AB0E16E4257E00C6FAF6 /* Settings.m */,
			);
			path = Models;
			sourceTree = "<group>";
		};
/* End PBXGroup section */

/* Begin PBXNativeTarget section */
		2337C80916DDA15500169C9E /* Sokudoku */ = {
			isa = PBXNativeTarget;
			buildConfigurationList = 2337C83C16DDA15500169C9E /* Build configuration list for PBXNativeTarget "Sokudoku" */;
			buildPhases = (
				2337C80616DDA15500169C9E /* Sources */,
				2337C80716DDA15500169C9E /* Frameworks */,
				2337C80816DDA15500169C9E /* Resources */,
			);
			buildRules = (
			);
			dependencies = (
			);
			name = Sokudoku;
			productName = Sokudoku;
			productReference = 2337C80A16DDA15500169C9E /* Sokudoku.app */;
			productType = "com.apple.product-type.application";
		};
		2337C82A16DDA15500169C9E /* SokudokuTests */ = {
			isa = PBXNativeTarget;
			buildConfigurationList = 2337C83F16DDA15500169C9E /* Build configuration list for PBXNativeTarget "SokudokuTests" */;
			buildPhases = (
				2337C82616DDA15500169C9E /* Sources */,
				2337C82716DDA15500169C9E /* Frameworks */,
				2337C82816DDA15500169C9E /* Resources */,
				2337C82916DDA15500169C9E /* ShellScript */,
			);
			buildRules = (
			);
			dependencies = (
				2337C83016DDA15500169C9E /* PBXTargetDependency */,
			);
			name = SokudokuTests;
			productName = SokudokuTests;
			productReference = 2337C82B16DDA15500169C9E /* SokudokuTests.octest */;
			productType = "com.apple.product-type.bundle";
		};
/* End PBXNativeTarget section */

/* Begin PBXProject section */
		2337C80116DDA15500169C9E /* Project object */ = {
			isa = PBXProject;
			attributes = {
				LastUpgradeCheck = 0450;
				ORGANIZATIONNAME = "Douglas Triggs";
			};
			buildConfigurationList = 2337C80416DDA15500169C9E /* Build configuration list for PBXProject "Sokudoku" */;
			compatibilityVersion = "Xcode 3.2";
			developmentRegion = English;
			hasScannedForEncodings = 0;
			knownRegions = (
				en,
			);
			mainGroup = 2337C7FF16DDA15500169C9E;
			productRefGroup = 2337C80B16DDA15500169C9E /* Products */;
			projectDirPath = "";
			projectRoot = "";
			targets = (
				2337C80916DDA15500169C9E /* Sokudoku */,
				2337C82A16DDA15500169C9E /* SokudokuTests */,
			);
		};
/* End PBXProject section */

/* Begin PBXResourcesBuildPhase section */
		2337C80816DDA15500169C9E /* Resources */ = {
			isa = PBXResourcesBuildPhase;
			buildActionMask = 2147483647;
			files = (
				2337C81916DDA15500169C9E /* InfoPlist.strings in Resources */,
				2337C81F16DDA15500169C9E /* Credits.rtf in Resources */,
				2337C82516DDA15500169C9E /* MainMenu.xib in Resources */,
				2371EB5F16EB00E8008D9645 /* RecallPackageWindow.xib in Resources */,
				2371EB6416EB01CA008D9645 /* MainWindow.xib in Resources */,
				2371EB6916EC6FCB008D9645 /* DrillWindow.xib in Resources */,
				2371EB6E16EC6FEC008D9645 /* GraphWindow.xib in Resources */,
				2371EB7316EC700D008D9645 /* HistogramWindow.xib in Resources */,
				23CB816116F17E7D0026C608 /* icon.icns in Resources */,
				23CB816A16F182C80026C608 /* StartupWindow.xib in Resources */,
			);
			runOnlyForDeploymentPostprocessing = 0;
		};
		2337C82816DDA15500169C9E /* Resources */ = {
			isa = PBXResourcesBuildPhase;
			buildActionMask = 2147483647;
			files = (
				2337C83616DDA15500169C9E /* InfoPlist.strings in Resources */,
			);
			runOnlyForDeploymentPostprocessing = 0;
		};
/* End PBXResourcesBuildPhase section */

/* Begin PBXShellScriptBuildPhase section */
		2337C82916DDA15500169C9E /* ShellScript */ = {
			isa = PBXShellScriptBuildPhase;
			buildActionMask = 2147483647;
			files = (
			);
			inputPaths = (
			);
			outputPaths = (
			);
			runOnlyForDeploymentPostprocessing = 0;
			shellPath = /bin/sh;
			shellScript = "# Run the unit tests in this test bundle.\n\"${SYSTEM_DEVELOPER_DIR}/Tools/RunUnitTests\"\n";
		};
/* End PBXShellScriptBuildPhase section */

/* Begin PBXSourcesBuildPhase section */
		2337C80616DDA15500169C9E /* Sources */ = {
			isa = PBXSourcesBuildPhase;
			buildActionMask = 2147483647;
			files = (
				2337C81B16DDA15500169C9E /* main.m in Sources */,
				2337C82216DDA15500169C9E /* AppDelegate.m in Sources */,
				2352AB0F16E4257E00C6FAF6 /* Settings.m in Sources */,
				2352AB1216E4615F00C6FAF6 /* Package.m in Sources */,
				2352AB1516E461A700C6FAF6 /* Character.m in Sources */,
				2352AB1816E4623800C6FAF6 /* History.m in Sources */,
				2352AB1B16E4624600C6FAF6 /* Event.m in Sources */,
				2371EB5E16EB00E8008D9645 /* RecallPackageWindow.m in Sources */,
				2371EB6316EB01CA008D9645 /* MainWindow.m in Sources */,
				2371EB6816EC6FCB008D9645 /* DrillWindow.m in Sources */,
				2371EB6D16EC6FEC008D9645 /* GraphWindow.m in Sources */,
				2371EB7216EC700D008D9645 /* HistogramWindow.m in Sources */,
				2360788616EEE4EF00D6E9D3 /* HistogramView.m in Sources */,
				23CB816916F182C80026C608 /* StartupWindow.m in Sources */,
				23CB816D16F293550026C608 /* GraphView.m in Sources */,
			);
			runOnlyForDeploymentPostprocessing = 0;
		};
		2337C82616DDA15500169C9E /* Sources */ = {
			isa = PBXSourcesBuildPhase;
			buildActionMask = 2147483647;
			files = (
				2337C83916DDA15500169C9E /* SokudokuTests.m in Sources */,
			);
			runOnlyForDeploymentPostprocessing = 0;
		};
/* End PBXSourcesBuildPhase section */

/* Begin PBXTargetDependency section */
		2337C83016DDA15500169C9E /* PBXTargetDependency */ = {
			isa = PBXTargetDependency;
			target = 2337C80916DDA15500169C9E /* Sokudoku */;
			targetProxy = 2337C82F16DDA15500169C9E /* PBXContainerItemProxy */;
		};
/* End PBXTargetDependency section */

/* Begin PBXVariantGroup section */
		2337C81716DDA15500169C9E /* InfoPlist.strings */ = {
			isa = PBXVariantGroup;
			children = (
				2337C81816DDA15500169C9E /* en */,
			);
			name = InfoPlist.strings;
			sourceTree = "<group>";
		};
		2337C81D16DDA15500169C9E /* Credits.rtf */ = {
			isa = PBXVariantGroup;
			children = (
				2337C81E16DDA15500169C9E /* en */,
			);
			name = Credits.rtf;
			sourceTree = "<group>";
		};
		2337C82316DDA15500169C9E /* MainMenu.xib */ = {
			isa = PBXVariantGroup;
			children = (
				2337C82416DDA15500169C9E /* en */,
			);
			name = MainMenu.xib;
			sourceTree = "<group>";
		};
		2337C83416DDA15500169C9E /* InfoPlist.strings */ = {
			isa = PBXVariantGroup;
			children = (
				2337C83516DDA15500169C9E /* en */,
			);
			name = InfoPlist.strings;
			sourceTree = "<group>";
		};
/* End PBXVariantGroup section */

/* Begin XCBuildConfiguration section */
		2337C83A16DDA15500169C9E /* Debug */ = {
			isa = XCBuildConfiguration;
			buildSettings = {
				ALWAYS_SEARCH_USER_PATHS = NO;
				ARCHS = "$(ARCHS_STANDARD_64_BIT)";
				CLANG_CXX_LANGUAGE_STANDARD = "gnu++0x";
				CLANG_CXX_LIBRARY = "libc++";
				CLANG_ENABLE_OBJC_ARC = YES;
				CLANG_WARN_EMPTY_BODY = YES;
				CLANG_WARN__DUPLICATE_METHOD_MATCH = YES;
				COPY_PHASE_STRIP = NO;
				GCC_C_LANGUAGE_STANDARD = gnu99;
				GCC_DYNAMIC_NO_PIC = NO;
				GCC_ENABLE_OBJC_EXCEPTIONS = YES;
				GCC_OPTIMIZATION_LEVEL = 0;
				GCC_PREPROCESSOR_DEFINITIONS = (
					"DEBUG=1",
					"$(inherited)",
				);
				GCC_SYMBOLS_PRIVATE_EXTERN = NO;
				GCC_WARN_64_TO_32_BIT_CONVERSION = YES;
				GCC_WARN_ABOUT_RETURN_TYPE = YES;
				GCC_WARN_UNINITIALIZED_AUTOS = YES;
				GCC_WARN_UNUSED_VARIABLE = YES;
				MACOSX_DEPLOYMENT_TARGET = 10.8;
				ONLY_ACTIVE_ARCH = YES;
				SDKROOT = macosx10.7;
			};
			name = Debug;
		};
		2337C83B16DDA15500169C9E /* Release */ = {
			isa = XCBuildConfiguration;
			buildSettings = {
				ALWAYS_SEARCH_USER_PATHS = NO;
				ARCHS = "$(ARCHS_STANDARD_64_BIT)";
				CLANG_CXX_LANGUAGE_STANDARD = "gnu++0x";
				CLANG_CXX_LIBRARY = "libc++";
				CLANG_ENABLE_OBJC_ARC = YES;
				CLANG_WARN_EMPTY_BODY = YES;
				CLANG_WARN__DUPLICATE_METHOD_MATCH = YES;
				COPY_PHASE_STRIP = YES;
				DEBUG_INFORMATION_FORMAT = "dwarf-with-dsym";
				GCC_C_LANGUAGE_STANDARD = gnu99;
				GCC_ENABLE_OBJC_EXCEPTIONS = YES;
				GCC_WARN_64_TO_32_BIT_CONVERSION = YES;
				GCC_WARN_ABOUT_RETURN_TYPE = YES;
				GCC_WARN_UNINITIALIZED_AUTOS = YES;
				GCC_WARN_UNUSED_VARIABLE = YES;
				MACOSX_DEPLOYMENT_TARGET = 10.8;
				SDKROOT = macosx10.7;
			};
			name = Release;
		};
		2337C83D16DDA15500169C9E /* Debug */ = {
			isa = XCBuildConfiguration;
			buildSettings = {
				COMBINE_HIDPI_IMAGES = YES;
				GCC_PRECOMPILE_PREFIX_HEADER = YES;
				GCC_PREFIX_HEADER = "Sokudoku/Sokudoku-Prefix.pch";
				INFOPLIST_FILE = "Sokudoku/Sokudoku-Info.plist";
				MACOSX_DEPLOYMENT_TARGET = 10.6;
				PRODUCT_NAME = "$(TARGET_NAME)";
				WRAPPER_EXTENSION = app;
			};
			name = Debug;
		};
		2337C83E16DDA15500169C9E /* Release */ = {
			isa = XCBuildConfiguration;
			buildSettings = {
				COMBINE_HIDPI_IMAGES = YES;
				GCC_PRECOMPILE_PREFIX_HEADER = YES;
				GCC_PREFIX_HEADER = "Sokudoku/Sokudoku-Prefix.pch";
				INFOPLIST_FILE = "Sokudoku/Sokudoku-Info.plist";
				MACOSX_DEPLOYMENT_TARGET = 10.6;
				PRODUCT_NAME = "$(TARGET_NAME)";
				WRAPPER_EXTENSION = app;
			};
			name = Release;
		};
		2337C84016DDA15500169C9E /* Debug */ = {
			isa = XCBuildConfiguration;
			buildSettings = {
				BUNDLE_LOADER = "$(BUILT_PRODUCTS_DIR)/Sokudoku.app/Contents/MacOS/Sokudoku";
				COMBINE_HIDPI_IMAGES = YES;
				FRAMEWORK_SEARCH_PATHS = "\"$(DEVELOPER_LIBRARY_DIR)/Frameworks\"";
				GCC_PRECOMPILE_PREFIX_HEADER = YES;
				GCC_PREFIX_HEADER = "Sokudoku/Sokudoku-Prefix.pch";
				INFOPLIST_FILE = "SokudokuTests/SokudokuTests-Info.plist";
				PRODUCT_NAME = "$(TARGET_NAME)";
				TEST_HOST = "$(BUNDLE_LOADER)";
				WRAPPER_EXTENSION = octest;
			};
			name = Debug;
		};
		2337C84116DDA15500169C9E /* Release */ = {
			isa = XCBuildConfiguration;
			buildSettings = {
				BUNDLE_LOADER = "$(BUILT_PRODUCTS_DIR)/Sokudoku.app/Contents/MacOS/Sokudoku";
				COMBINE_HIDPI_IMAGES = YES;
				FRAMEWORK_SEARCH_PATHS = "\"$(DEVELOPER_LIBRARY_DIR)/Frameworks\"";
				GCC_PRECOMPILE_PREFIX_HEADER = YES;
				GCC_PREFIX_HEADER = "Sokudoku/Sokudoku-Prefix.pch";
				INFOPLIST_FILE = "SokudokuTests/SokudokuTests-Info.plist";
				PRODUCT_NAME = "$(TARGET_NAME)";
				TEST_HOST = "$(BUNDLE_LOADER)";
				WRAPPER_EXTENSION = octest;
			};
			name = Release;
		};
/* End XCBuildConfiguration section */

/* Begin XCConfigurationList section */
		2337C80416DDA15500169C9E /* Build configuration list for PBXProject "Sokudoku" */ = {
			isa = XCConfigurationList;
			buildConfigurations = (
				2337C83A16DDA15500169C9E /* Debug */,
				2337C83B16DDA15500169C9E /* Release */,
			);
			defaultConfigurationIsVisible = 0;
			defaultConfigurationName = Release;
		};
		2337C83C16DDA15500169C9E /* Build configuration list for PBXNativeTarget "Sokudoku" */ = {
			isa = XCConfigurationList;
			buildConfigurations = (
				2337C83D16DDA15500169C9E /* Debug */,
				2337C83E16DDA15500169C9E /* Release */,
			);
			defaultConfigurationIsVisible = 0;
			defaultConfigurationName = Release;
		};
		2337C83F16DDA15500169C9E /* Build configuration list for PBXNativeTarget "SokudokuTests" */ = {
			isa = XCConfigurationList;
			buildConfigurations = (
				2337C84016DDA15500169C9E /* Debug */,
				2337C84116DDA15500169C9E /* Release */,
			);
			defaultConfigurationIsVisible = 0;
			defaultConfigurationName = Release;
		};
/* End XCConfigurationList section */
	};
	rootObject = 2337C80116DDA15500169C9E /* Project object */;
}
